
Microsoft Visual Studio Solution File, Format Version 12.00
# Visual Studio Version 16
VisualStudioVersion = 16.0.30413.136
MinimumVisualStudioVersion = 10.0.40219.1
Project("{6EC3EE1D-3C4E-46DD-8F32-0CC8E7565705}") = "Lazy", "Lazy\Lazy.fsproj", "{C41563EA-9F1F-443D-B612-555E64EA8425}"
EndProject
Project("{F2A71F9B-5D33-465A-A702-920D77279786}") = "Lazy.Tests", "Lazy.Tests\Lazy.Tests.fsproj", "{DA6C766D-C8E7-42D6-AB22-C61169E2D3F4}"
EndProject
Global
	GlobalSection(SolutionConfigurationPlatforms) = preSolution
		Debug|Any CPU = Debug|Any CPU
		Release|Any CPU = Release|Any CPU
	EndGlobalSection
	GlobalSection(ProjectConfigurationPlatforms) = postSolution
		{C41563EA-9F1F-443D-B612-555E64EA8425}.Debug|Any CPU.ActiveCfg = Debug|Any CPU
		{C41563EA-9F1F-443D-B612-555E64EA8425}.Debug|Any CPU.Build.0 = Debug|Any CPU
		{C41563EA-9F1F-443D-B612-555E64EA8425}.Release|Any CPU.ActiveCfg = Release|Any CPU
		{C41563EA-9F1F-443D-B612-555E64EA8425}.Release|Any CPU.Build.0 = Release|Any CPU
		{DA6C766D-C8E7-42D6-AB22-C61169E2D3F4}.Debug|Any CPU.ActiveCfg = Debug|Any CPU
		{DA6C766D-C8E7-42D6-AB22-C61169E2D3F4}.Debug|Any CPU.Build.0 = Debug|Any CPU
		{DA6C766D-C8E7-42D6-AB22-C61169E2D3F4}.Release|Any CPU.ActiveCfg = Release|Any CPU
		{DA6C766D-C8E7-42D6-AB22-C61169E2D3F4}.Release|Any CPU.Build.0 = Release|Any CPU
	EndGlobalSection
	GlobalSection(SolutionProperties) = preSolution
		HideSolutionNode = FALSE
	EndGlobalSection
	GlobalSection(ExtensibilityGlobals) = postSolution
		SolutionGuid = {DB328E98-123F-4A7D-AAC4-F3E23975685A}
	EndGlobalSection
EndGlobal
