
Microsoft Visual Studio Solution File, Format Version 12.00
# Visual Studio 15
VisualStudioVersion = 15.0.28307.572
MinimumVisualStudioVersion = 10.0.40219.1
Project("{F2A71F9B-5D33-465A-A702-920D77279786}") = "hw7_task1", "hw7_task1\hw7_task1.fsproj", "{3BFBD531-3768-412F-969A-E33965A1FA89}"
EndProject
Project("{F2A71F9B-5D33-465A-A702-920D77279786}") = "hw7_task1.tests", "hw7_task1.tests\hw7_task1.tests.fsproj", "{0DC21CD3-E438-45B2-8EE0-CFDE5B54FA56}"
EndProject
Global
	GlobalSection(SolutionConfigurationPlatforms) = preSolution
		Debug|Any CPU = Debug|Any CPU
		Release|Any CPU = Release|Any CPU
	EndGlobalSection
	GlobalSection(ProjectConfigurationPlatforms) = postSolution
		{3BFBD531-3768-412F-969A-E33965A1FA89}.Debug|Any CPU.ActiveCfg = Debug|Any CPU
		{3BFBD531-3768-412F-969A-E33965A1FA89}.Debug|Any CPU.Build.0 = Debug|Any CPU
		{3BFBD531-3768-412F-969A-E33965A1FA89}.Release|Any CPU.ActiveCfg = Release|Any CPU
		{3BFBD531-3768-412F-969A-E33965A1FA89}.Release|Any CPU.Build.0 = Release|Any CPU
		{0DC21CD3-E438-45B2-8EE0-CFDE5B54FA56}.Debug|Any CPU.ActiveCfg = Debug|Any CPU
		{0DC21CD3-E438-45B2-8EE0-CFDE5B54FA56}.Debug|Any CPU.Build.0 = Debug|Any CPU
		{0DC21CD3-E438-45B2-8EE0-CFDE5B54FA56}.Release|Any CPU.ActiveCfg = Release|Any CPU
		{0DC21CD3-E438-45B2-8EE0-CFDE5B54FA56}.Release|Any CPU.Build.0 = Release|Any CPU
	EndGlobalSection
	GlobalSection(SolutionProperties) = preSolution
		HideSolutionNode = FALSE
	EndGlobalSection
	GlobalSection(ExtensibilityGlobals) = postSolution
		SolutionGuid = {97B97D24-8AD3-479C-9377-D67BDC06E316}
	EndGlobalSection
EndGlobal
