
Microsoft Visual Studio Solution File, Format Version 12.00
# Visual Studio 15
VisualStudioVersion = 15.0.26228.4
MinimumVisualStudioVersion = 10.0.40219.1
Project("{F2A71F9B-5D33-465A-A702-920D77279786}") = "test1_task1", "test1_task1\test1_task1.fsproj", "{3C058CEB-2B1F-402A-BADA-F9A00937125C}"
EndProject
Project("{F2A71F9B-5D33-465A-A702-920D77279786}") = "test1_task1.test", "test1_task1.test\test1_task1.test.fsproj", "{B6B8B198-7E47-4079-8154-F2DE96E220D2}"
EndProject
Global
	GlobalSection(SolutionConfigurationPlatforms) = preSolution
		Debug|Any CPU = Debug|Any CPU
		Release|Any CPU = Release|Any CPU
	EndGlobalSection
	GlobalSection(ProjectConfigurationPlatforms) = postSolution
		{3C058CEB-2B1F-402A-BADA-F9A00937125C}.Debug|Any CPU.ActiveCfg = Debug|Any CPU
		{3C058CEB-2B1F-402A-BADA-F9A00937125C}.Debug|Any CPU.Build.0 = Debug|Any CPU
		{3C058CEB-2B1F-402A-BADA-F9A00937125C}.Release|Any CPU.ActiveCfg = Release|Any CPU
		{3C058CEB-2B1F-402A-BADA-F9A00937125C}.Release|Any CPU.Build.0 = Release|Any CPU
		{B6B8B198-7E47-4079-8154-F2DE96E220D2}.Debug|Any CPU.ActiveCfg = Debug|Any CPU
		{B6B8B198-7E47-4079-8154-F2DE96E220D2}.Debug|Any CPU.Build.0 = Debug|Any CPU
		{B6B8B198-7E47-4079-8154-F2DE96E220D2}.Release|Any CPU.ActiveCfg = Release|Any CPU
		{B6B8B198-7E47-4079-8154-F2DE96E220D2}.Release|Any CPU.Build.0 = Release|Any CPU
	EndGlobalSection
	GlobalSection(SolutionProperties) = preSolution
		HideSolutionNode = FALSE
	EndGlobalSection
EndGlobal
