
Microsoft Visual Studio Solution File, Format Version 12.00
# Visual Studio 15
VisualStudioVersion = 15.0.28307.572
MinimumVisualStudioVersion = 10.0.40219.1
Project("{F2A71F9B-5D33-465A-A702-920D77279786}") = "hw7_task2", "hw7_task2\hw7_task2.fsproj", "{9561BA79-EC25-4D99-B6C8-678A81424949}"
EndProject
Project("{F2A71F9B-5D33-465A-A702-920D77279786}") = "hw7_task2.tests", "hw7_task2.tests\hw7_task2.tests.fsproj", "{1E428D90-39C8-447B-B665-FA14C2839D22}"
EndProject
Global
	GlobalSection(SolutionConfigurationPlatforms) = preSolution
		Debug|Any CPU = Debug|Any CPU
		Release|Any CPU = Release|Any CPU
	EndGlobalSection
	GlobalSection(ProjectConfigurationPlatforms) = postSolution
		{9561BA79-EC25-4D99-B6C8-678A81424949}.Debug|Any CPU.ActiveCfg = Debug|Any CPU
		{9561BA79-EC25-4D99-B6C8-678A81424949}.Debug|Any CPU.Build.0 = Debug|Any CPU
		{9561BA79-EC25-4D99-B6C8-678A81424949}.Release|Any CPU.ActiveCfg = Release|Any CPU
		{9561BA79-EC25-4D99-B6C8-678A81424949}.Release|Any CPU.Build.0 = Release|Any CPU
		{1E428D90-39C8-447B-B665-FA14C2839D22}.Debug|Any CPU.ActiveCfg = Debug|Any CPU
		{1E428D90-39C8-447B-B665-FA14C2839D22}.Debug|Any CPU.Build.0 = Debug|Any CPU
		{1E428D90-39C8-447B-B665-FA14C2839D22}.Release|Any CPU.ActiveCfg = Release|Any CPU
		{1E428D90-39C8-447B-B665-FA14C2839D22}.Release|Any CPU.Build.0 = Release|Any CPU
	EndGlobalSection
	GlobalSection(SolutionProperties) = preSolution
		HideSolutionNode = FALSE
	EndGlobalSection
	GlobalSection(ExtensibilityGlobals) = postSolution
		SolutionGuid = {DB92741E-5C44-4966-AD9E-48857799B254}
	EndGlobalSection
EndGlobal
