
Microsoft Visual Studio Solution File, Format Version 12.00
# Visual Studio Version 16
VisualStudioVersion = 16.0.28803.352
MinimumVisualStudioVersion = 10.0.40219.1
Project("{F2A71F9B-5D33-465A-A702-920D77279786}") = "testApp", "testApp\testApp.fsproj", "{E9994FA4-EE14-4F27-8016-5004F78C65EC}"
EndProject
Project("{F2A71F9B-5D33-465A-A702-920D77279786}") = "testApp.tests", "testApp.tesrs\testApp.tests.fsproj", "{36C6879A-DBE2-460E-8C0C-09451499F7E8}"
EndProject
Global
	GlobalSection(SolutionConfigurationPlatforms) = preSolution
		Debug|Any CPU = Debug|Any CPU
		Release|Any CPU = Release|Any CPU
	EndGlobalSection
	GlobalSection(ProjectConfigurationPlatforms) = postSolution
		{E9994FA4-EE14-4F27-8016-5004F78C65EC}.Debug|Any CPU.ActiveCfg = Debug|Any CPU
		{E9994FA4-EE14-4F27-8016-5004F78C65EC}.Debug|Any CPU.Build.0 = Debug|Any CPU
		{E9994FA4-EE14-4F27-8016-5004F78C65EC}.Release|Any CPU.ActiveCfg = Release|Any CPU
		{E9994FA4-EE14-4F27-8016-5004F78C65EC}.Release|Any CPU.Build.0 = Release|Any CPU
		{36C6879A-DBE2-460E-8C0C-09451499F7E8}.Debug|Any CPU.ActiveCfg = Debug|Any CPU
		{36C6879A-DBE2-460E-8C0C-09451499F7E8}.Debug|Any CPU.Build.0 = Debug|Any CPU
		{36C6879A-DBE2-460E-8C0C-09451499F7E8}.Release|Any CPU.ActiveCfg = Release|Any CPU
		{36C6879A-DBE2-460E-8C0C-09451499F7E8}.Release|Any CPU.Build.0 = Release|Any CPU
	EndGlobalSection
	GlobalSection(SolutionProperties) = preSolution
		HideSolutionNode = FALSE
	EndGlobalSection
	GlobalSection(ExtensibilityGlobals) = postSolution
		SolutionGuid = {C17B2AFA-7F83-46DF-98E5-B8F99F975E9B}
	EndGlobalSection
EndGlobal
