
Microsoft Visual Studio Solution File, Format Version 12.00
# Visual Studio 15
VisualStudioVersion = 15.0.28307.572
MinimumVisualStudioVersion = 10.0.40219.1
Project("{6EC3EE1D-3C4E-46DD-8F32-0CC8E7565705}") = "hw5_task3", "hw5_task3\hw5_task3.fsproj", "{99147673-FAC8-407C-9517-CBBE8B7CA4A0}"
EndProject
Project("{F2A71F9B-5D33-465A-A702-920D77279786}") = "hw5_task3.tests", "hw5_task3.tests\hw5_task3.tests.fsproj", "{42FC76AF-6F03-46FA-B018-1B6F432C342F}"
EndProject
Global
	GlobalSection(SolutionConfigurationPlatforms) = preSolution
		Debug|Any CPU = Debug|Any CPU
		Release|Any CPU = Release|Any CPU
	EndGlobalSection
	GlobalSection(ProjectConfigurationPlatforms) = postSolution
		{99147673-FAC8-407C-9517-CBBE8B7CA4A0}.Debug|Any CPU.ActiveCfg = Debug|Any CPU
		{99147673-FAC8-407C-9517-CBBE8B7CA4A0}.Debug|Any CPU.Build.0 = Debug|Any CPU
		{99147673-FAC8-407C-9517-CBBE8B7CA4A0}.Release|Any CPU.ActiveCfg = Release|Any CPU
		{99147673-FAC8-407C-9517-CBBE8B7CA4A0}.Release|Any CPU.Build.0 = Release|Any CPU
		{42FC76AF-6F03-46FA-B018-1B6F432C342F}.Debug|Any CPU.ActiveCfg = Debug|Any CPU
		{42FC76AF-6F03-46FA-B018-1B6F432C342F}.Debug|Any CPU.Build.0 = Debug|Any CPU
		{42FC76AF-6F03-46FA-B018-1B6F432C342F}.Release|Any CPU.ActiveCfg = Release|Any CPU
		{42FC76AF-6F03-46FA-B018-1B6F432C342F}.Release|Any CPU.Build.0 = Release|Any CPU
	EndGlobalSection
	GlobalSection(SolutionProperties) = preSolution
		HideSolutionNode = FALSE
	EndGlobalSection
	GlobalSection(ExtensibilityGlobals) = postSolution
		SolutionGuid = {6D6C4E62-F266-4FE9-BC35-EBAA8D711A18}
	EndGlobalSection
EndGlobal
