
Microsoft Visual Studio Solution File, Format Version 12.00
# Visual Studio 15
VisualStudioVersion = 15.0.26228.4
MinimumVisualStudioVersion = 10.0.40219.1
Project("{F2A71F9B-5D33-465A-A702-920D77279786}") = "hw3_task3", "hw3_task3\hw3_task3.fsproj", "{63D8F182-1DC4-419D-BEE9-7C94800E8598}"
EndProject
Project("{F2A71F9B-5D33-465A-A702-920D77279786}") = "hw3_task3.test", "hw3_task3.test\hw3_task3.test.fsproj", "{CCEB4C50-3EA5-453E-9A76-23659F023FD0}"
	ProjectSection(ProjectDependencies) = postProject
		{63D8F182-1DC4-419D-BEE9-7C94800E8598} = {63D8F182-1DC4-419D-BEE9-7C94800E8598}
	EndProjectSection
EndProject
Global
	GlobalSection(SolutionConfigurationPlatforms) = preSolution
		Debug|Any CPU = Debug|Any CPU
		Release|Any CPU = Release|Any CPU
	EndGlobalSection
	GlobalSection(ProjectConfigurationPlatforms) = postSolution
		{63D8F182-1DC4-419D-BEE9-7C94800E8598}.Debug|Any CPU.ActiveCfg = Debug|Any CPU
		{63D8F182-1DC4-419D-BEE9-7C94800E8598}.Debug|Any CPU.Build.0 = Debug|Any CPU
		{63D8F182-1DC4-419D-BEE9-7C94800E8598}.Release|Any CPU.ActiveCfg = Release|Any CPU
		{63D8F182-1DC4-419D-BEE9-7C94800E8598}.Release|Any CPU.Build.0 = Release|Any CPU
		{CCEB4C50-3EA5-453E-9A76-23659F023FD0}.Debug|Any CPU.ActiveCfg = Debug|Any CPU
		{CCEB4C50-3EA5-453E-9A76-23659F023FD0}.Debug|Any CPU.Build.0 = Debug|Any CPU
		{CCEB4C50-3EA5-453E-9A76-23659F023FD0}.Release|Any CPU.ActiveCfg = Release|Any CPU
		{CCEB4C50-3EA5-453E-9A76-23659F023FD0}.Release|Any CPU.Build.0 = Release|Any CPU
	EndGlobalSection
	GlobalSection(SolutionProperties) = preSolution
		HideSolutionNode = FALSE
	EndGlobalSection
EndGlobal
